<?xml version="1.0" encoding="UTF-8" standalone="yes" ?>
<CodeBlocks_project_file>
	<FileVersion major="1" minor="6" />
	<Project>
		<Option title="ConnectTheNumbers" />
		<Option pch_mode="2" />
		<Option compiler="gcc" />
		<Build>
			<Target title="Debug">
				<Option output="bin/Debug/ConnectTheNumbers" prefix_auto="1" extension_auto="1" />
				<Option object_output="obj/Debug/" />
				<Option type="1" />
				<Option compiler="gcc" />
				<Compiler>
					<Add option="-g" />
					<Add directory="Controller" />
					<Add directory="IO" />
					<Add directory="Utils" />
					<Add directory="Settings" />
					<Add directory="Enum" />
					<Add directory="View" />
				</Compiler>
			</Target>
			<Target title="Release">
				<Option output="bin/Release/ConnectTheNumbers" prefix_auto="1" extension_auto="1" />
				<Option object_output="obj/Release/" />
				<Option type="0" />
				<Option compiler="gcc" />
				<Compiler>
					<Add option="-O2" />
					<Add option="-s" />
					<Add directory="Controller" />
					<Add directory="IO" />
					<Add directory="Utils" />
					<Add directory="Settings" />
					<Add directory="Enum" />
					<Add directory="View" />
				</Compiler>
			</Target>
		</Build>
		<Compiler>
			<Add option="`fltk-config --cxxflags`" />
		</Compiler>
		<Linker>
			<Add option="`fltk-config --ldstaticflags`" />
		</Linker>
		<Unit filename="Controller/GameManager.cpp" />
		<Unit filename="Controller/GameManager.h" />
		<Unit filename="Enum/Difficulty.h" />
		<Unit filename="IO/HighScoreReader.cpp" />
		<Unit filename="IO/HighScoreReader.h" />
		<Unit filename="IO/HighScoreWriter.cpp" />
		<Unit filename="IO/HighScoreWriter.h" />
		<Unit filename="IO/PuzzleReader.cpp" />
		<Unit filename="IO/PuzzleReader.h" />
		<Unit filename="IO/PuzzleWriter.cpp" />
		<Unit filename="IO/PuzzleWriter.h" />
		<Unit filename="Model/HighScoreEntry.cpp" />
		<Unit filename="Model/HighScoreEntry.h" />
		<Unit filename="Model/HighScoreManager.cpp" />
		<Unit filename="Model/HighScoreManager.h" />
		<Unit filename="Model/Puzzle.cpp" />
		<Unit filename="Model/Puzzle.h" />
		<Unit filename="Model/PuzzleManager.cpp" />
		<Unit filename="Model/PuzzleManager.h" />
		<Unit filename="Model/PuzzleNode.cpp" />
		<Unit filename="Model/PuzzleNode.h" />
		<Unit filename="Settings/PlayerSettings.cpp" />
		<Unit filename="Settings/PlayerSettings.h" />
		<Unit filename="Utils/Exceptions.h">
			<Option target="&lt;{~None~}&gt;" />
		</Unit>
		<Unit filename="Utils/Utils.cpp" />
		<Unit filename="Utils/Utils.h" />
		<Unit filename="View/ButtonValueWindow.cpp" />
		<Unit filename="View/ButtonValueWindow.h" />
		<Unit filename="View/ColorSelectionWindow.cpp" />
		<Unit filename="View/ColorSelectionWindow.h" />
		<Unit filename="View/InitialSettingsWindow.cpp" />
		<Unit filename="View/InitialSettingsWindow.h" />
		<Unit filename="View/MainGameWindow.cpp" />
		<Unit filename="View/MainGameWindow.h" />
		<Unit filename="View/PuzzleGrid.cpp" />
		<Unit filename="View/PuzzleGrid.h" />
		<Unit filename="View/PuzzleGridButton.cpp" />
		<Unit filename="View/PuzzleGridButton.h" />
		<Unit filename="main.cpp" />
		<Extensions>
			<code_completion />
			<debugger />
		</Extensions>
	</Project>
</CodeBlocks_project_file>
